<?xml version="1.0" encoding="utf-8"?>
<Project ToolsVersion="4.0" xmlns="http://schemas.microsoft.com/developer/msbuild/2003">
  <ItemGroup>
    <Filter Include="Source Files">
      <UniqueIdentifier>{4FC737F1-C7A5-4376-A066-2A32D752A2FF}</UniqueIdentifier>
      <Extensions>cpp;c;cc;cxx;def;odl;idl;hpj;bat;asm;asmx</Extensions>
    </Filter>
    <Filter Include="Header Files">
      <UniqueIdentifier>{93995380-89BD-4b04-88EB-625FBE52EBFB}</UniqueIdentifier>
      <Extensions>h;hh;hpp;hxx;hm;inl;inc;ipp;xsd</Extensions>
    </Filter>
    <Filter Include="Resource Files">
      <UniqueIdentifier>{67DA6AB6-F800-4c08-8B7A-83BB121AAD01}</UniqueIdentifier>
      <Extensions>rc;ico;cur;bmp;dlg;rc2;rct;bin;rgs;gif;jpg;jpeg;jpe;resx;tiff;tif;png;wav;mfcribbon-ms</Extensions>
    </Filter>
    <Filter Include="States">
      <UniqueIdentifier>{10c610d5-b5b8-4f20-9f76-2cc594553fe7}</UniqueIdentifier>
    </Filter>
    <Filter Include="Entities">
      <UniqueIdentifier>{6724a11e-a405-407c-a4a4-ff51512cc2a4}</UniqueIdentifier>
    </Filter>
    <Filter Include="Modules">
      <UniqueIdentifier>{166e8b0e-d49e-4481-8b06-dbe263a4e941}</UniqueIdentifier>
    </Filter>
    <Filter Include="Tile">
      <UniqueIdentifier>{30678990-2663-42a5-a41c-0cbb5468caf5}</UniqueIdentifier>
    </Filter>
    <Filter Include="Other">
      <UniqueIdentifier>{176aaa8c-7faf-4d43-ab8e-a0fae039bfd3}</UniqueIdentifier>
    </Filter>
    <Filter Include="NPC/PC">
      <UniqueIdentifier>{68551b1c-b59a-467c-86ea-c12642937ce0}</UniqueIdentifier>
    </Filter>
    <Filter Include="World">
      <UniqueIdentifier>{9d79eaf0-d903-4cf0-ad54-217002bbed94}</UniqueIdentifier>
    </Filter>
  </ItemGroup>
  <ItemGroup>
    <ClCompile Include="main.cpp">
      <Filter>Source Files</Filter>
    </ClCompile>
    <ClCompile Include="Game.cpp">
      <Filter>Source Files</Filter>
    </ClCompile>
    <ClCompile Include="GameState.cpp">
      <Filter>States</Filter>
    </ClCompile>
    <ClCompile Include="State.cpp">
      <Filter>States</Filter>
    </ClCompile>
    <ClCompile Include="MainMenuState.cpp">
      <Filter>States</Filter>
    </ClCompile>
    <ClCompile Include="Movement.cpp">
      <Filter>Modules</Filter>
    </ClCompile>
    <ClCompile Include="Animation.cpp">
      <Filter>Modules</Filter>
    </ClCompile>
    <ClCompile Include="Editor.cpp">
      <Filter>States</Filter>
    </ClCompile>
    <ClCompile Include="Hitbox.cpp">
      <Filter>Modules</Filter>
    </ClCompile>
    <ClCompile Include="Tile.cpp">
      <Filter>Tile</Filter>
    </ClCompile>
    <ClCompile Include="Entity.cpp">
      <Filter>NPC/PC</Filter>
    </ClCompile>
    <ClCompile Include="Player.cpp">
      <Filter>NPC/PC</Filter>
    </ClCompile>
    <ClCompile Include="PauseMenu.cpp">
      <Filter>Source Files</Filter>
    </ClCompile>
    <ClCompile Include="Settings.cpp">
      <Filter>States</Filter>
    </ClCompile>
    <ClCompile Include="GUI.cpp">
      <Filter>Resource Files</Filter>
    </ClCompile>
    <ClCompile Include="WorldMap.cpp">
      <Filter>World</Filter>
    </ClCompile>
    <ClCompile Include="stdafx.cpp">
      <Filter>Source Files</Filter>
    </ClCompile>
    <ClCompile Include="GfxContainer.cpp">
      <Filter>Source Files</Filter>
    </ClCompile>
  </ItemGroup>
  <ItemGroup>
    <ClInclude Include="Game.h">
      <Filter>Header Files</Filter>
    </ClInclude>
    <ClInclude Include="GameState.h">
      <Filter>States</Filter>
    </ClInclude>
    <ClInclude Include="State.h">
      <Filter>States</Filter>
    </ClInclude>
    <ClInclude Include="MainMenuState.h">
      <Filter>States</Filter>
    </ClInclude>
    <ClInclude Include="Movement.h">
      <Filter>Modules</Filter>
    </ClInclude>
    <ClInclude Include="Animation.h">
      <Filter>Modules</Filter>
    </ClInclude>
    <ClInclude Include="Editor.h">
      <Filter>States</Filter>
    </ClInclude>
    <ClInclude Include="Hitbox.h">
      <Filter>Modules</Filter>
    </ClInclude>
    <ClInclude Include="Tile.h">
      <Filter>Tile</Filter>
    </ClInclude>
    <ClInclude Include="Entity.h">
      <Filter>NPC/PC</Filter>
    </ClInclude>
    <ClInclude Include="Player.h">
      <Filter>NPC/PC</Filter>
    </ClInclude>
    <ClInclude Include="PauseMenu.h">
      <Filter>Header Files</Filter>
    </ClInclude>
    <ClInclude Include="Settings.h">
      <Filter>States</Filter>
    </ClInclude>
    <ClInclude Include="GUI.h">
      <Filter>Resource Files</Filter>
    </ClInclude>
    <ClInclude Include="WorldMap.h">
      <Filter>World</Filter>
    </ClInclude>
    <ClInclude Include="stdafx.h">
      <Filter>Header Files</Filter>
    </ClInclude>
    <ClInclude Include="GfxContainer.h">
      <Filter>Header Files</Filter>
    </ClInclude>
  </ItemGroup>
  <ItemGroup>
    <None Include="Config\window.ini">
      <Filter>Other</Filter>
    </None>
    <None Include="Config\editor_binds.ini">
      <Filter>Other</Filter>
    </None>
    <None Include="Config\gamestate_binds.ini">
      <Filter>Other</Filter>
    </None>
    <None Include="Config\mainmenu_binds.ini">
      <Filter>Other</Filter>
    </None>
    <None Include="Config\supported_keys.ini">
      <Filter>Other</Filter>
    </None>
  </ItemGroup>
  <ItemGroup>
    <Text Include="Progress_Log.txt">
      <Filter>Other</Filter>
    </Text>
  </ItemGroup>
</Project>